
Microsoft Visual Studio Solution File, Format Version 12.00
# Visual Studio Version 17
VisualStudioVersion = 17.9.34616.47
MinimumVisualStudioVersion = 10.0.40219.1
Project("{8BC9CEB8-8B4A-11D0-8D11-00A0C91BC942}") = "paradigmaOOP1_0157", "paradigmaOOP1_0157.vcxproj", "{E039B5BE-E357-4BC3-B3A5-764869C57F39}"
EndProject
Project("{8BC9CEB8-8B4A-11D0-8D11-00A0C91BC942}") = "composition", "composition\composition.vcxproj", "{F3A36D31-7F15-45A8-B7F4-620870005F47}"
EndProject
Project("{8BC9CEB8-8B4A-11D0-8D11-00A0C91BC942}") = "agregasi", "agregasi\agregasi.vcxproj", "{CAC724CD-3581-4A64-90D0-CB4FB9225F73}"
EndProject
Project("{8BC9CEB8-8B4A-11D0-8D11-00A0C91BC942}") = "Asosiasi", "Asosiasi\Asosiasi.vcxproj", "{9F3492C3-E529-4981-93BC-1672DCE6C95F}"
EndProject
Project("{8BC9CEB8-8B4A-11D0-8D11-00A0C91BC942}") = "Inheritance", "Inheritance\Inheritance.vcxproj", "{73816148-F1C2-4FCF-A43D-A3B05D7BC7C5}"
EndProject
Global
	GlobalSection(SolutionConfigurationPlatforms) = preSolution
		Debug|x64 = Debug|x64
		Debug|x86 = Debug|x86
		Release|x64 = Release|x64
		Release|x86 = Release|x86
	EndGlobalSection
	GlobalSection(ProjectConfigurationPlatforms) = postSolution
		{E039B5BE-E357-4BC3-B3A5-764869C57F39}.Debug|x64.ActiveCfg = Debug|x64
		{E039B5BE-E357-4BC3-B3A5-764869C57F39}.Debug|x64.Build.0 = Debug|x64
		{E039B5BE-E357-4BC3-B3A5-764869C57F39}.Debug|x86.ActiveCfg = Debug|Win32
		{E039B5BE-E357-4BC3-B3A5-764869C57F39}.Debug|x86.Build.0 = Debug|Win32
		{E039B5BE-E357-4BC3-B3A5-764869C57F39}.Release|x64.ActiveCfg = Release|x64
		{E039B5BE-E357-4BC3-B3A5-764869C57F39}.Release|x64.Build.0 = Release|x64
		{E039B5BE-E357-4BC3-B3A5-764869C57F39}.Release|x86.ActiveCfg = Release|Win32
		{E039B5BE-E357-4BC3-B3A5-764869C57F39}.Release|x86.Build.0 = Release|Win32
		{F3A36D31-7F15-45A8-B7F4-620870005F47}.Debug|x64.ActiveCfg = Debug|x64
		{F3A36D31-7F15-45A8-B7F4-620870005F47}.Debug|x64.Build.0 = Debug|x64
		{F3A36D31-7F15-45A8-B7F4-620870005F47}.Debug|x86.ActiveCfg = Debug|Win32
		{F3A36D31-7F15-45A8-B7F4-620870005F47}.Debug|x86.Build.0 = Debug|Win32
		{F3A36D31-7F15-45A8-B7F4-620870005F47}.Release|x64.ActiveCfg = Release|x64
		{F3A36D31-7F15-45A8-B7F4-620870005F47}.Release|x64.Build.0 = Release|x64
		{F3A36D31-7F15-45A8-B7F4-620870005F47}.Release|x86.ActiveCfg = Release|Win32
		{F3A36D31-7F15-45A8-B7F4-620870005F47}.Release|x86.Build.0 = Release|Win32
		{CAC724CD-3581-4A64-90D0-CB4FB9225F73}.Debug|x64.ActiveCfg = Debug|x64
		{CAC724CD-3581-4A64-90D0-CB4FB9225F73}.Debug|x64.Build.0 = Debug|x64
		{CAC724CD-3581-4A64-90D0-CB4FB9225F73}.Debug|x86.ActiveCfg = Debug|Win32
		{CAC724CD-3581-4A64-90D0-CB4FB9225F73}.Debug|x86.Build.0 = Debug|Win32
		{CAC724CD-3581-4A64-90D0-CB4FB9225F73}.Release|x64.ActiveCfg = Release|x64
		{CAC724CD-3581-4A64-90D0-CB4FB9225F73}.Release|x64.Build.0 = Release|x64
		{CAC724CD-3581-4A64-90D0-CB4FB9225F73}.Release|x86.ActiveCfg = Release|Win32
		{CAC724CD-3581-4A64-90D0-CB4FB9225F73}.Release|x86.Build.0 = Release|Win32
		{9F3492C3-E529-4981-93BC-1672DCE6C95F}.Debug|x64.ActiveCfg = Debug|x64
		{9F3492C3-E529-4981-93BC-1672DCE6C95F}.Debug|x64.Build.0 = Debug|x64
		{9F3492C3-E529-4981-93BC-1672DCE6C95F}.Debug|x86.ActiveCfg = Debug|Win32
		{9F3492C3-E529-4981-93BC-1672DCE6C95F}.Debug|x86.Build.0 = Debug|Win32
		{9F3492C3-E529-4981-93BC-1672DCE6C95F}.Release|x64.ActiveCfg = Release|x64
		{9F3492C3-E529-4981-93BC-1672DCE6C95F}.Release|x64.Build.0 = Release|x64
		{9F3492C3-E529-4981-93BC-1672DCE6C95F}.Release|x86.ActiveCfg = Release|Win32
		{9F3492C3-E529-4981-93BC-1672DCE6C95F}.Release|x86.Build.0 = Release|Win32
		{73816148-F1C2-4FCF-A43D-A3B05D7BC7C5}.Debug|x64.ActiveCfg = Debug|x64
		{73816148-F1C2-4FCF-A43D-A3B05D7BC7C5}.Debug|x64.Build.0 = Debug|x64
		{73816148-F1C2-4FCF-A43D-A3B05D7BC7C5}.Debug|x86.ActiveCfg = Debug|Win32
		{73816148-F1C2-4FCF-A43D-A3B05D7BC7C5}.Debug|x86.Build.0 = Debug|Win32
		{73816148-F1C2-4FCF-A43D-A3B05D7BC7C5}.Release|x64.ActiveCfg = Release|x64
		{73816148-F1C2-4FCF-A43D-A3B05D7BC7C5}.Release|x64.Build.0 = Release|x64
		{73816148-F1C2-4FCF-A43D-A3B05D7BC7C5}.Release|x86.ActiveCfg = Release|Win32
		{73816148-F1C2-4FCF-A43D-A3B05D7BC7C5}.Release|x86.Build.0 = Release|Win32
	EndGlobalSection
	GlobalSection(SolutionProperties) = preSolution
		HideSolutionNode = FALSE
	EndGlobalSection
	GlobalSection(ExtensibilityGlobals) = postSolution
		SolutionGuid = {0F3F588E-F85D-4E5D-9B3E-84E3144FE44D}
	EndGlobalSection
EndGlobal
